// !$*UTF8*$!
{
	archiveVersion = 1;
	classes = {
	};
	objectVersion = 46;
	objects = {

/* Begin PBXBuildFile section */
		BF7B90211BA221D10092EC0E /* MapKit.framework in Frameworks */ = {isa = PBXBuildFile; fileRef = BF7B90201BA221D10092EC0E /* MapKit.framework */; };
		BF7B90231BA221DD0092EC0E /* libsqlite3.0.tbd in Frameworks */ = {isa = PBXBuildFile; fileRef = BF7B90221BA221DD0092EC0E /* libsqlite3.0.tbd */; };
		BF7B90291BA225BB0092EC0E /* CGMainTabBarController.m in Sources */ = {isa = PBXBuildFile; fileRef = BF7B90281BA225BB0092EC0E /* CGMainTabBarController.m */; settings = {ASSET_TAGS = (); }; };
		BF7B902C1BA226550092EC0E /* CGHistoryTableViewController.m in Sources */ = {isa = PBXBuildFile; fileRef = BF7B902B1BA226550092EC0E /* CGHistoryTableViewController.m */; settings = {ASSET_TAGS = (); }; };
		BF7B902F1BA226820092EC0E /* CGMeTableViewController.m in Sources */ = {isa = PBXBuildFile; fileRef = BF7B902E1BA226820092EC0E /* CGMeTableViewController.m */; settings = {ASSET_TAGS = (); }; };
		BF7B90321BA226A80092EC0E /* CGMusicViewController.m in Sources */ = {isa = PBXBuildFile; fileRef = BF7B90311BA226A80092EC0E /* CGMusicViewController.m */; settings = {ASSET_TAGS = (); }; };
		BF7B90381BA227310092EC0E /* CGMainNavigationController.m in Sources */ = {isa = PBXBuildFile; fileRef = BF7B90371BA227310092EC0E /* CGMainNavigationController.m */; settings = {ASSET_TAGS = (); }; };
		BF7B90401BA22AAD0092EC0E /* CGBetterMapView.m in Sources */ = {isa = PBXBuildFile; fileRef = BF7B903F1BA22AAD0092EC0E /* CGBetterMapView.m */; settings = {ASSET_TAGS = (); }; };
		BF7B904B1BA22BE40092EC0E /* CrumbPath.m in Sources */ = {isa = PBXBuildFile; fileRef = BF7B90481BA22BE40092EC0E /* CrumbPath.m */; settings = {ASSET_TAGS = (); }; };
		BF7B904C1BA22BE40092EC0E /* CrumbPathRenderer.m in Sources */ = {isa = PBXBuildFile; fileRef = BF7B904A1BA22BE40092EC0E /* CrumbPathRenderer.m */; settings = {ASSET_TAGS = (); }; };
		BF7B90521BA22ED40092EC0E /* CGHeader.m in Sources */ = {isa = PBXBuildFile; fileRef = BF7B90511BA22ED40092EC0E /* CGHeader.m */; settings = {ASSET_TAGS = (); }; };
		BF7B90541BA2325C0092EC0E /* CGRunViewController.xib in Resources */ = {isa = PBXBuildFile; fileRef = BF7B90531BA2325C0092EC0E /* CGRunViewController.xib */; settings = {ASSET_TAGS = (); }; };
		BF7B90571BA232CA0092EC0E /* CGRunViewController.m in Sources */ = {isa = PBXBuildFile; fileRef = BF7B90561BA232CA0092EC0E /* CGRunViewController.m */; settings = {ASSET_TAGS = (); }; };
		BF7B905B1BA2347E0092EC0E /* CGRunningViewController.m in Sources */ = {isa = PBXBuildFile; fileRef = BF7B90591BA2347E0092EC0E /* CGRunningViewController.m */; settings = {ASSET_TAGS = (); }; };
		BF7B905C1BA2347E0092EC0E /* CGRunningViewController.xib in Resources */ = {isa = PBXBuildFile; fileRef = BF7B905A1BA2347E0092EC0E /* CGRunningViewController.xib */; settings = {ASSET_TAGS = (); }; };
		BF7B90651BA2354B0092EC0E /* Info.plist in Resources */ = {isa = PBXBuildFile; fileRef = BF7B90621BA2354B0092EC0E /* Info.plist */; settings = {ASSET_TAGS = (); }; };
		BF7B90661BA2354B0092EC0E /* MZTimerLabel.m in Sources */ = {isa = PBXBuildFile; fileRef = BF7B90641BA2354B0092EC0E /* MZTimerLabel.m */; settings = {ASSET_TAGS = (); }; };
		BF7B90691BA235D80092EC0E /* CGSportInfo.m in Sources */ = {isa = PBXBuildFile; fileRef = BF7B90681BA235D80092EC0E /* CGSportInfo.m */; settings = {ASSET_TAGS = (); }; };
		BF7B906C1BA236070092EC0E /* CGReadrawMapViewController.m in Sources */ = {isa = PBXBuildFile; fileRef = BF7B906B1BA236070092EC0E /* CGReadrawMapViewController.m */; settings = {ASSET_TAGS = (); }; };
		BF7B906F1BA2362B0092EC0E /* CGSportInfoSaveTool.m in Sources */ = {isa = PBXBuildFile; fileRef = BF7B906E1BA2362B0092EC0E /* CGSportInfoSaveTool.m */; settings = {ASSET_TAGS = (); }; };
		BF7B907C1BA236400092EC0E /* FMDatabase.m in Sources */ = {isa = PBXBuildFile; fileRef = BF7B90721BA236400092EC0E /* FMDatabase.m */; settings = {ASSET_TAGS = (); }; };
		BF7B907D1BA236400092EC0E /* FMDatabaseAdditions.m in Sources */ = {isa = PBXBuildFile; fileRef = BF7B90741BA236400092EC0E /* FMDatabaseAdditions.m */; settings = {ASSET_TAGS = (); }; };
		BF7B907E1BA236400092EC0E /* FMDatabasePool.m in Sources */ = {isa = PBXBuildFile; fileRef = BF7B90761BA236400092EC0E /* FMDatabasePool.m */; settings = {ASSET_TAGS = (); }; };
		BF7B907F1BA236400092EC0E /* FMDatabaseQueue.m in Sources */ = {isa = PBXBuildFile; fileRef = BF7B90781BA236400092EC0E /* FMDatabaseQueue.m */; settings = {ASSET_TAGS = (); }; };
		BF7B90801BA236400092EC0E /* FMResultSet.m in Sources */ = {isa = PBXBuildFile; fileRef = BF7B907B1BA236400092EC0E /* FMResultSet.m */; settings = {ASSET_TAGS = (); }; };
		BF7B909C1BA236610092EC0E /* Info.plist in Resources */ = {isa = PBXBuildFile; fileRef = BF7B90821BA236610092EC0E /* Info.plist */; settings = {ASSET_TAGS = (); }; };
		BF7B909D1BA236610092EC0E /* MASCompositeConstraint.m in Sources */ = {isa = PBXBuildFile; fileRef = BF7B90841BA236610092EC0E /* MASCompositeConstraint.m */; settings = {ASSET_TAGS = (); }; };
		BF7B909E1BA236610092EC0E /* MASConstraint.m in Sources */ = {isa = PBXBuildFile; fileRef = BF7B90871BA236610092EC0E /* MASConstraint.m */; settings = {ASSET_TAGS = (); }; };
		BF7B909F1BA236610092EC0E /* MASConstraintMaker.m in Sources */ = {isa = PBXBuildFile; fileRef = BF7B90891BA236610092EC0E /* MASConstraintMaker.m */; settings = {ASSET_TAGS = (); }; };
		BF7B90A01BA236610092EC0E /* MASLayoutConstraint.m in Sources */ = {isa = PBXBuildFile; fileRef = BF7B908B1BA236610092EC0E /* MASLayoutConstraint.m */; settings = {ASSET_TAGS = (); }; };
		BF7B90A11BA236610092EC0E /* MASViewAttribute.m in Sources */ = {isa = PBXBuildFile; fileRef = BF7B908F1BA236610092EC0E /* MASViewAttribute.m */; settings = {ASSET_TAGS = (); }; };
		BF7B90A21BA236610092EC0E /* MASViewConstraint.m in Sources */ = {isa = PBXBuildFile; fileRef = BF7B90911BA236610092EC0E /* MASViewConstraint.m */; settings = {ASSET_TAGS = (); }; };
		BF7B90A31BA236610092EC0E /* NSArray+MASAdditions.m in Sources */ = {isa = PBXBuildFile; fileRef = BF7B90931BA236610092EC0E /* NSArray+MASAdditions.m */; settings = {ASSET_TAGS = (); }; };
		BF7B90A41BA236610092EC0E /* NSLayoutConstraint+MASDebugAdditions.m in Sources */ = {isa = PBXBuildFile; fileRef = BF7B90961BA236610092EC0E /* NSLayoutConstraint+MASDebugAdditions.m */; settings = {ASSET_TAGS = (); }; };
		BF7B90A51BA236610092EC0E /* View+MASAdditions.m in Sources */ = {isa = PBXBuildFile; fileRef = BF7B90981BA236610092EC0E /* View+MASAdditions.m */; settings = {ASSET_TAGS = (); }; };
		BF7B90A61BA236610092EC0E /* ViewController+MASAdditions.m in Sources */ = {isa = PBXBuildFile; fileRef = BF7B909B1BA236610092EC0E /* ViewController+MASAdditions.m */; settings = {ASSET_TAGS = (); }; };
		BF7B90AA1BA239F20092EC0E /* CGSongsPlayerController.m in Sources */ = {isa = PBXBuildFile; fileRef = BF7B90A81BA239F20092EC0E /* CGSongsPlayerController.m */; settings = {ASSET_TAGS = (); }; };
		BF7B90AB1BA239F20092EC0E /* CGSongsPlayerController.storyboard in Resources */ = {isa = PBXBuildFile; fileRef = BF7B90A91BA239F20092EC0E /* CGSongsPlayerController.storyboard */; settings = {ASSET_TAGS = (); }; };
		BF7B90B41BA23A080092EC0E /* CGAlbumCell.xib in Resources */ = {isa = PBXBuildFile; fileRef = BF7B90AC1BA23A080092EC0E /* CGAlbumCell.xib */; settings = {ASSET_TAGS = (); }; };
		BF7B90B51BA23A080092EC0E /* CGMusicPlayerBar.m in Sources */ = {isa = PBXBuildFile; fileRef = BF7B90AE1BA23A080092EC0E /* CGMusicPlayerBar.m */; settings = {ASSET_TAGS = (); }; };
		BF7B90B61BA23A080092EC0E /* CGMusicPlayerCell.m in Sources */ = {isa = PBXBuildFile; fileRef = BF7B90B01BA23A080092EC0E /* CGMusicPlayerCell.m */; settings = {ASSET_TAGS = (); }; };
		BF7B90B71BA23A080092EC0E /* CGMusicPlayerCell.xib in Resources */ = {isa = PBXBuildFile; fileRef = BF7B90B11BA23A080092EC0E /* CGMusicPlayerCell.xib */; settings = {ASSET_TAGS = (); }; };
		BF7B90B81BA23A080092EC0E /* CGAlbumCell.m in Sources */ = {isa = PBXBuildFile; fileRef = BF7B90B31BA23A080092EC0E /* CGAlbumCell.m */; settings = {ASSET_TAGS = (); }; };
		BF7B90BD1BA23A2F0092EC0E /* UIImage+Image.m in Sources */ = {isa = PBXBuildFile; fileRef = BF7B90BA1BA23A2F0092EC0E /* UIImage+Image.m */; settings = {ASSET_TAGS = (); }; };
		BF7B90BE1BA23A2F0092EC0E /* UIView+Extension.m in Sources */ = {isa = PBXBuildFile; fileRef = BF7B90BC1BA23A2F0092EC0E /* UIView+Extension.m */; settings = {ASSET_TAGS = (); }; };
		BF7B90C51BA23A590092EC0E /* MBProgressHUD+MJ.m in Sources */ = {isa = PBXBuildFile; fileRef = BF7B90C11BA23A590092EC0E /* MBProgressHUD+MJ.m */; settings = {ASSET_TAGS = (); }; };
		BF7B90C61BA23A590092EC0E /* MBProgressHUD.bundle in Resources */ = {isa = PBXBuildFile; fileRef = BF7B90C21BA23A590092EC0E /* MBProgressHUD.bundle */; settings = {ASSET_TAGS = (); }; };
		BF7B90C71BA23A590092EC0E /* MBProgressHUD.m in Sources */ = {isa = PBXBuildFile; fileRef = BF7B90C41BA23A590092EC0E /* MBProgressHUD.m */; settings = {ASSET_TAGS = (); }; };
		BF7B90CC1BA23A6B0092EC0E /* UIView+Extension.m in Sources */ = {isa = PBXBuildFile; fileRef = BF7B90C91BA23A6B0092EC0E /* UIView+Extension.m */; settings = {ASSET_TAGS = (); }; };
		BF7B90CD1BA23A6B0092EC0E /* UINavigationBar+Awesome.m in Sources */ = {isa = PBXBuildFile; fileRef = BF7B90CB1BA23A6B0092EC0E /* UINavigationBar+Awesome.m */; settings = {ASSET_TAGS = (); }; };
		BF7B90CF1BA23BF40092EC0E /* Images.xcassets in Resources */ = {isa = PBXBuildFile; fileRef = BF7B90CE1BA23BF40092EC0E /* Images.xcassets */; settings = {ASSET_TAGS = (); }; };
		BF9F41971BA2011B00F9D84B /* main.m in Sources */ = {isa = PBXBuildFile; fileRef = BF9F41961BA2011B00F9D84B /* main.m */; };
		BF9F419A1BA2011B00F9D84B /* AppDelegate.m in Sources */ = {isa = PBXBuildFile; fileRef = BF9F41991BA2011B00F9D84B /* AppDelegate.m */; };
		BF9F41A01BA2011B00F9D84B /* Main.storyboard in Resources */ = {isa = PBXBuildFile; fileRef = BF9F419E1BA2011B00F9D84B /* Main.storyboard */; };
		BF9F41A51BA2011B00F9D84B /* LaunchScreen.xib in Resources */ = {isa = PBXBuildFile; fileRef = BF9F41A31BA2011B00F9D84B /* LaunchScreen.xib */; };
		BF9F41B11BA2011B00F9D84B /* KeepRunningTests.m in Sources */ = {isa = PBXBuildFile; fileRef = BF9F41B01BA2011B00F9D84B /* KeepRunningTests.m */; };
/* End PBXBuildFile section */

/* Begin PBXContainerItemProxy section */
		BF9F41AB1BA2011B00F9D84B /* PBXContainerItemProxy */ = {
			isa = PBXContainerItemProxy;
			containerPortal = BF9F41891BA2011B00F9D84B /* Project object */;
			proxyType = 1;
			remoteGlobalIDString = BF9F41901BA2011B00F9D84B;
			remoteInfo = KeepRunning;
		};
/* End PBXContainerItemProxy section */

/* Begin PBXFileReference section */
		BF7B90201BA221D10092EC0E /* MapKit.framework */ = {isa = PBXFileReference; lastKnownFileType = wrapper.framework; name = MapKit.framework; path = System/Library/Frameworks/MapKit.framework; sourceTree = SDKROOT; };
		BF7B90221BA221DD0092EC0E /* libsqlite3.0.tbd */ = {isa = PBXFileReference; lastKnownFileType = "sourcecode.text-based-dylib-definition"; name = libsqlite3.0.tbd; path = usr/lib/libsqlite3.0.tbd; sourceTree = SDKROOT; };
		BF7B90271BA225BB0092EC0E /* CGMainTabBarController.h */ = {isa = PBXFileReference; fileEncoding = 4; lastKnownFileType = sourcecode.c.h; path = CGMainTabBarController.h; sourceTree = "<group>"; };
		BF7B90281BA225BB0092EC0E /* CGMainTabBarController.m */ = {isa = PBXFileReference; fileEncoding = 4; lastKnownFileType = sourcecode.c.objc; path = CGMainTabBarController.m; sourceTree = "<group>"; };
		BF7B902A1BA226550092EC0E /* CGHistoryTableViewController.h */ = {isa = PBXFileReference; fileEncoding = 4; lastKnownFileType = sourcecode.c.h; path = CGHistoryTableViewController.h; sourceTree = "<group>"; };
		BF7B902B1BA226550092EC0E /* CGHistoryTableViewController.m */ = {isa = PBXFileReference; fileEncoding = 4; lastKnownFileType = sourcecode.c.objc; path = CGHistoryTableViewController.m; sourceTree = "<group>"; };
		BF7B902D1BA226820092EC0E /* CGMeTableViewController.h */ = {isa = PBXFileReference; fileEncoding = 4; lastKnownFileType = sourcecode.c.h; path = CGMeTableViewController.h; sourceTree = "<group>"; };
		BF7B902E1BA226820092EC0E /* CGMeTableViewController.m */ = {isa = PBXFileReference; fileEncoding = 4; lastKnownFileType = sourcecode.c.objc; path = CGMeTableViewController.m; sourceTree = "<group>"; };
		BF7B90301BA226A80092EC0E /* CGMusicViewController.h */ = {isa = PBXFileReference; fileEncoding = 4; lastKnownFileType = sourcecode.c.h; path = CGMusicViewController.h; sourceTree = "<group>"; };
		BF7B90311BA226A80092EC0E /* CGMusicViewController.m */ = {isa = PBXFileReference; fileEncoding = 4; lastKnownFileType = sourcecode.c.objc; path = CGMusicViewController.m; sourceTree = "<group>"; };
		BF7B90361BA227310092EC0E /* CGMainNavigationController.h */ = {isa = PBXFileReference; fileEncoding = 4; lastKnownFileType = sourcecode.c.h; path = CGMainNavigationController.h; sourceTree = "<group>"; };
		BF7B90371BA227310092EC0E /* CGMainNavigationController.m */ = {isa = PBXFileReference; fileEncoding = 4; lastKnownFileType = sourcecode.c.objc; path = CGMainNavigationController.m; sourceTree = "<group>"; };
		BF7B903E1BA22AAD0092EC0E /* CGBetterMapView.h */ = {isa = PBXFileReference; fileEncoding = 4; lastKnownFileType = sourcecode.c.h; path = CGBetterMapView.h; sourceTree = "<group>"; };
		BF7B903F1BA22AAD0092EC0E /* CGBetterMapView.m */ = {isa = PBXFileReference; fileEncoding = 4; lastKnownFileType = sourcecode.c.objc; path = CGBetterMapView.m; sourceTree = "<group>"; };
		BF7B90471BA22BE40092EC0E /* CrumbPath.h */ = {isa = PBXFileReference; fileEncoding = 4; lastKnownFileType = sourcecode.c.h; path = CrumbPath.h; sourceTree = "<group>"; };
		BF7B90481BA22BE40092EC0E /* CrumbPath.m */ = {isa = PBXFileReference; fileEncoding = 4; lastKnownFileType = sourcecode.c.objc; path = CrumbPath.m; sourceTree = "<group>"; };
		BF7B90491BA22BE40092EC0E /* CrumbPathRenderer.h */ = {isa = PBXFileReference; fileEncoding = 4; lastKnownFileType = sourcecode.c.h; path = CrumbPathRenderer.h; sourceTree = "<group>"; };
		BF7B904A1BA22BE40092EC0E /* CrumbPathRenderer.m */ = {isa = PBXFileReference; fileEncoding = 4; lastKnownFileType = sourcecode.c.objc; path = CrumbPathRenderer.m; sourceTree = "<group>"; };
		BF7B90501BA22ED40092EC0E /* CGHeader.h */ = {isa = PBXFileReference; fileEncoding = 4; lastKnownFileType = sourcecode.c.h; path = CGHeader.h; sourceTree = "<group>"; };
		BF7B90511BA22ED40092EC0E /* CGHeader.m */ = {isa = PBXFileReference; fileEncoding = 4; lastKnownFileType = sourcecode.c.objc; path = CGHeader.m; sourceTree = "<group>"; };
		BF7B90531BA2325C0092EC0E /* CGRunViewController.xib */ = {isa = PBXFileReference; fileEncoding = 4; lastKnownFileType = file.xib; path = CGRunViewController.xib; sourceTree = "<group>"; };
		BF7B90551BA232CA0092EC0E /* CGRunViewController.h */ = {isa = PBXFileReference; fileEncoding = 4; lastKnownFileType = sourcecode.c.h; path = CGRunViewController.h; sourceTree = "<group>"; };
		BF7B90561BA232CA0092EC0E /* CGRunViewController.m */ = {isa = PBXFileReference; fileEncoding = 4; lastKnownFileType = sourcecode.c.objc; path = CGRunViewController.m; sourceTree = "<group>"; };
		BF7B90581BA2347E0092EC0E /* CGRunningViewController.h */ = {isa = PBXFileReference; fileEncoding = 4; lastKnownFileType = sourcecode.c.h; path = CGRunningViewController.h; sourceTree = "<group>"; };
		BF7B90591BA2347E0092EC0E /* CGRunningViewController.m */ = {isa = PBXFileReference; fileEncoding = 4; lastKnownFileType = sourcecode.c.objc; path = CGRunningViewController.m; sourceTree = "<group>"; };
		BF7B905A1BA2347E0092EC0E /* CGRunningViewController.xib */ = {isa = PBXFileReference; fileEncoding = 4; lastKnownFileType = file.xib; path = CGRunningViewController.xib; sourceTree = "<group>"; };
		BF7B90621BA2354B0092EC0E /* Info.plist */ = {isa = PBXFileReference; fileEncoding = 4; lastKnownFileType = text.plist.xml; path = Info.plist; sourceTree = "<group>"; };
		BF7B90631BA2354B0092EC0E /* MZTimerLabel.h */ = {isa = PBXFileReference; fileEncoding = 4; lastKnownFileType = sourcecode.c.h; path = MZTimerLabel.h; sourceTree = "<group>"; };
		BF7B90641BA2354B0092EC0E /* MZTimerLabel.m */ = {isa = PBXFileReference; fileEncoding = 4; lastKnownFileType = sourcecode.c.objc; path = MZTimerLabel.m; sourceTree = "<group>"; };
		BF7B90671BA235D80092EC0E /* CGSportInfo.h */ = {isa = PBXFileReference; fileEncoding = 4; lastKnownFileType = sourcecode.c.h; path = CGSportInfo.h; sourceTree = "<group>"; };
		BF7B90681BA235D80092EC0E /* CGSportInfo.m */ = {isa = PBXFileReference; fileEncoding = 4; lastKnownFileType = sourcecode.c.objc; path = CGSportInfo.m; sourceTree = "<group>"; };
		BF7B906A1BA236070092EC0E /* CGReadrawMapViewController.h */ = {isa = PBXFileReference; fileEncoding = 4; lastKnownFileType = sourcecode.c.h; path = CGReadrawMapViewController.h; sourceTree = "<group>"; };
		BF7B906B1BA236070092EC0E /* CGReadrawMapViewController.m */ = {isa = PBXFileReference; fileEncoding = 4; lastKnownFileType = sourcecode.c.objc; path = CGReadrawMapViewController.m; sourceTree = "<group>"; };
		BF7B906D1BA2362B0092EC0E /* CGSportInfoSaveTool.h */ = {isa = PBXFileReference; fileEncoding = 4; lastKnownFileType = sourcecode.c.h; path = CGSportInfoSaveTool.h; sourceTree = "<group>"; };
		BF7B906E1BA2362B0092EC0E /* CGSportInfoSaveTool.m */ = {isa = PBXFileReference; fileEncoding = 4; lastKnownFileType = sourcecode.c.objc; path = CGSportInfoSaveTool.m; sourceTree = "<group>"; };
		BF7B90711BA236400092EC0E /* FMDatabase.h */ = {isa = PBXFileReference; fileEncoding = 4; lastKnownFileType = sourcecode.c.h; path = FMDatabase.h; sourceTree = "<group>"; };
		BF7B90721BA236400092EC0E /* FMDatabase.m */ = {isa = PBXFileReference; fileEncoding = 4; lastKnownFileType = sourcecode.c.objc; path = FMDatabase.m; sourceTree = "<group>"; };
		BF7B90731BA236400092EC0E /* FMDatabaseAdditions.h */ = {isa = PBXFileReference; fileEncoding = 4; lastKnownFileType = sourcecode.c.h; path = FMDatabaseAdditions.h; sourceTree = "<group>"; };
		BF7B90741BA236400092EC0E /* FMDatabaseAdditions.m */ = {isa = PBXFileReference; fileEncoding = 4; lastKnownFileType = sourcecode.c.objc; path = FMDatabaseAdditions.m; sourceTree = "<group>"; };
		BF7B90751BA236400092EC0E /* FMDatabasePool.h */ = {isa = PBXFileReference; fileEncoding = 4; lastKnownFileType = sourcecode.c.h; path = FMDatabasePool.h; sourceTree = "<group>"; };
		BF7B90761BA236400092EC0E /* FMDatabasePool.m */ = {isa = PBXFileReference; fileEncoding = 4; lastKnownFileType = sourcecode.c.objc; path = FMDatabasePool.m; sourceTree = "<group>"; };
		BF7B90771BA236400092EC0E /* FMDatabaseQueue.h */ = {isa = PBXFileReference; fileEncoding = 4; lastKnownFileType = sourcecode.c.h; path = FMDatabaseQueue.h; sourceTree = "<group>"; };
		BF7B90781BA236400092EC0E /* FMDatabaseQueue.m */ = {isa = PBXFileReference; fileEncoding = 4; lastKnownFileType = sourcecode.c.objc; path = FMDatabaseQueue.m; sourceTree = "<group>"; };
		BF7B90791BA236400092EC0E /* FMDB.h */ = {isa = PBXFileReference; fileEncoding = 4; lastKnownFileType = sourcecode.c.h; path = FMDB.h; sourceTree = "<group>"; };
		BF7B907A1BA236400092EC0E /* FMResultSet.h */ = {isa = PBXFileReference; fileEncoding = 4; lastKnownFileType = sourcecode.c.h; path = FMResultSet.h; sourceTree = "<group>"; };
		BF7B907B1BA236400092EC0E /* FMResultSet.m */ = {isa = PBXFileReference; fileEncoding = 4; lastKnownFileType = sourcecode.c.objc; path = FMResultSet.m; sourceTree = "<group>"; };
		BF7B90821BA236610092EC0E /* Info.plist */ = {isa = PBXFileReference; fileEncoding = 4; lastKnownFileType = text.plist.xml; path = Info.plist; sourceTree = "<group>"; };
		BF7B90831BA236610092EC0E /* MASCompositeConstraint.h */ = {isa = PBXFileReference; fileEncoding = 4; lastKnownFileType = sourcecode.c.h; path = MASCompositeConstraint.h; sourceTree = "<group>"; };
		BF7B90841BA236610092EC0E /* MASCompositeConstraint.m */ = {isa = PBXFileReference; fileEncoding = 4; lastKnownFileType = sourcecode.c.objc; path = MASCompositeConstraint.m; sourceTree = "<group>"; };
		BF7B90851BA236610092EC0E /* MASConstraint+Private.h */ = {isa = PBXFileReference; fileEncoding = 4; lastKnownFileType = sourcecode.c.h; path = "MASConstraint+Private.h"; sourceTree = "<group>"; };
		BF7B90861BA236610092EC0E /* MASConstraint.h */ = {isa = PBXFileReference; fileEncoding = 4; lastKnownFileType = sourcecode.c.h; path = MASConstraint.h; sourceTree = "<group>"; };
		BF7B90871BA236610092EC0E /* MASConstraint.m */ = {isa = PBXFileReference; fileEncoding = 4; lastKnownFileType = sourcecode.c.objc; path = MASConstraint.m; sourceTree = "<group>"; };
		BF7B90881BA236610092EC0E /* MASConstraintMaker.h */ = {isa = PBXFileReference; fileEncoding = 4; lastKnownFileType = sourcecode.c.h; path = MASConstraintMaker.h; sourceTree = "<group>"; };
		BF7B90891BA236610092EC0E /* MASConstraintMaker.m */ = {isa = PBXFileReference; fileEncoding = 4; lastKnownFileType = sourcecode.c.objc; path = MASConstraintMaker.m; sourceTree = "<group>"; };
		BF7B908A1BA236610092EC0E /* MASLayoutConstraint.h */ = {isa = PBXFileReference; fileEncoding = 4; lastKnownFileType = sourcecode.c.h; path = MASLayoutConstraint.h; sourceTree = "<group>"; };
		BF7B908B1BA236610092EC0E /* MASLayoutConstraint.m */ = {isa = PBXFileReference; fileEncoding = 4; lastKnownFileType = sourcecode.c.objc; path = MASLayoutConstraint.m; sourceTree = "<group>"; };
		BF7B908C1BA236610092EC0E /* Masonry.h */ = {isa = PBXFileReference; fileEncoding = 4; lastKnownFileType = sourcecode.c.h; path = Masonry.h; sourceTree = "<group>"; };
		BF7B908D1BA236610092EC0E /* MASUtilities.h */ = {isa = PBXFileReference; fileEncoding = 4; lastKnownFileType = sourcecode.c.h; path = MASUtilities.h; sourceTree = "<group>"; };
		BF7B908E1BA236610092EC0E /* MASViewAttribute.h */ = {isa = PBXFileReference; fileEncoding = 4; lastKnownFileType = sourcecode.c.h; path = MASViewAttribute.h; sourceTree = "<group>"; };
		BF7B908F1BA236610092EC0E /* MASViewAttribute.m */ = {isa = PBXFileReference; fileEncoding = 4; lastKnownFileType = sourcecode.c.objc; path = MASViewAttribute.m; sourceTree = "<group>"; };
		BF7B90901BA236610092EC0E /* MASViewConstraint.h */ = {isa = PBXFileReference; fileEncoding = 4; lastKnownFileType = sourcecode.c.h; path = MASViewConstraint.h; sourceTree = "<group>"; };
		BF7B90911BA236610092EC0E /* MASViewConstraint.m */ = {isa = PBXFileReference; fileEncoding = 4; lastKnownFileType = sourcecode.c.objc; path = MASViewConstraint.m; sourceTree = "<group>"; };
		BF7B90921BA236610092EC0E /* NSArray+MASAdditions.h */ = {isa = PBXFileReference; fileEncoding = 4; lastKnownFileType = sourcecode.c.h; path = "NSArray+MASAdditions.h"; sourceTree = "<group>"; };
		BF7B90931BA236610092EC0E /* NSArray+MASAdditions.m */ = {isa = PBXFileReference; fileEncoding = 4; lastKnownFileType = sourcecode.c.objc; path = "NSArray+MASAdditions.m"; sourceTree = "<group>"; };
		BF7B90941BA236610092EC0E /* NSArray+MASShorthandAdditions.h */ = {isa = PBXFileReference; fileEncoding = 4; lastKnownFileType = sourcecode.c.h; path = "NSArray+MASShorthandAdditions.h"; sourceTree = "<group>"; };
		BF7B90951BA236610092EC0E /* NSLayoutConstraint+MASDebugAdditions.h */ = {isa = PBXFileReference; fileEncoding = 4; lastKnownFileType = sourcecode.c.h; path = "NSLayoutConstraint+MASDebugAdditions.h"; sourceTree = "<group>"; };
		BF7B90961BA236610092EC0E /* NSLayoutConstraint+MASDebugAdditions.m */ = {isa = PBXFileReference; fileEncoding = 4; lastKnownFileType = sourcecode.c.objc; path = "NSLayoutConstraint+MASDebugAdditions.m"; sourceTree = "<group>"; };
		BF7B90971BA236610092EC0E /* View+MASAdditions.h */ = {isa = PBXFileReference; fileEncoding = 4; lastKnownFileType = sourcecode.c.h; path = "View+MASAdditions.h"; sourceTree = "<group>"; };
		BF7B90981BA236610092EC0E /* View+MASAdditions.m */ = {isa = PBXFileReference; fileEncoding = 4; lastKnownFileType = sourcecode.c.objc; path = "View+MASAdditions.m"; sourceTree = "<group>"; };
		BF7B90991BA236610092EC0E /* View+MASShorthandAdditions.h */ = {isa = PBXFileReference; fileEncoding = 4; lastKnownFileType = sourcecode.c.h; path = "View+MASShorthandAdditions.h"; sourceTree = "<group>"; };
		BF7B909A1BA236610092EC0E /* ViewController+MASAdditions.h */ = {isa = PBXFileReference; fileEncoding = 4; lastKnownFileType = sourcecode.c.h; path = "ViewController+MASAdditions.h"; sourceTree = "<group>"; };
		BF7B909B1BA236610092EC0E /* ViewController+MASAdditions.m */ = {isa = PBXFileReference; fileEncoding = 4; lastKnownFileType = sourcecode.c.objc; path = "ViewController+MASAdditions.m"; sourceTree = "<group>"; };
		BF7B90A71BA239F20092EC0E /* CGSongsPlayerController.h */ = {isa = PBXFileReference; fileEncoding = 4; lastKnownFileType = sourcecode.c.h; path = CGSongsPlayerController.h; sourceTree = "<group>"; };
		BF7B90A81BA239F20092EC0E /* CGSongsPlayerController.m */ = {isa = PBXFileReference; fileEncoding = 4; lastKnownFileType = sourcecode.c.objc; path = CGSongsPlayerController.m; sourceTree = "<group>"; };
		BF7B90A91BA239F20092EC0E /* CGSongsPlayerController.storyboard */ = {isa = PBXFileReference; fileEncoding = 4; lastKnownFileType = file.storyboard; path = CGSongsPlayerController.storyboard; sourceTree = "<group>"; };
		BF7B90AC1BA23A080092EC0E /* CGAlbumCell.xib */ = {isa = PBXFileReference; fileEncoding = 4; lastKnownFileType = file.xib; path = CGAlbumCell.xib; sourceTree = "<group>"; };
		BF7B90AD1BA23A080092EC0E /* CGMusicPlayerBar.h */ = {isa = PBXFileReference; fileEncoding = 4; lastKnownFileType = sourcecode.c.h; path = CGMusicPlayerBar.h; sourceTree = "<group>"; };
		BF7B90AE1BA23A080092EC0E /* CGMusicPlayerBar.m */ = {isa = PBXFileReference; fileEncoding = 4; lastKnownFileType = sourcecode.c.objc; path = CGMusicPlayerBar.m; sourceTree = "<group>"; };
		BF7B90AF1BA23A080092EC0E /* CGMusicPlayerCell.h */ = {isa = PBXFileReference; fileEncoding = 4; lastKnownFileType = sourcecode.c.h; path = CGMusicPlayerCell.h; sourceTree = "<group>"; };
		BF7B90B01BA23A080092EC0E /* CGMusicPlayerCell.m */ = {isa = PBXFileReference; fileEncoding = 4; lastKnownFileType = sourcecode.c.objc; path = CGMusicPlayerCell.m; sourceTree = "<group>"; };
		BF7B90B11BA23A080092EC0E /* CGMusicPlayerCell.xib */ = {isa = PBXFileReference; fileEncoding = 4; lastKnownFileType = file.xib; path = CGMusicPlayerCell.xib; sourceTree = "<group>"; };
		BF7B90B21BA23A080092EC0E /* CGAlbumCell.h */ = {isa = PBXFileReference; fileEncoding = 4; lastKnownFileType = sourcecode.c.h; path = CGAlbumCell.h; sourceTree = "<group>"; };
		BF7B90B31BA23A080092EC0E /* CGAlbumCell.m */ = {isa = PBXFileReference; fileEncoding = 4; lastKnownFileType = sourcecode.c.objc; path = CGAlbumCell.m; sourceTree = "<group>"; };
		BF7B90B91BA23A2F0092EC0E /* UIImage+Image.h */ = {isa = PBXFileReference; fileEncoding = 4; lastKnownFileType = sourcecode.c.h; path = "UIImage+Image.h"; sourceTree = "<group>"; };
		BF7B90BA1BA23A2F0092EC0E /* UIImage+Image.m */ = {isa = PBXFileReference; fileEncoding = 4; lastKnownFileType = sourcecode.c.objc; path = "UIImage+Image.m"; sourceTree = "<group>"; };
		BF7B90BB1BA23A2F0092EC0E /* UIView+Extension.h */ = {isa = PBXFileReference; fileEncoding = 4; lastKnownFileType = sourcecode.c.h; path = "UIView+Extension.h"; sourceTree = "<group>"; };
		BF7B90BC1BA23A2F0092EC0E /* UIView+Extension.m */ = {isa = PBXFileReference; fileEncoding = 4; lastKnownFileType = sourcecode.c.objc; path = "UIView+Extension.m"; sourceTree = "<group>"; };
		BF7B90C01BA23A590092EC0E /* MBProgressHUD+MJ.h */ = {isa = PBXFileReference; fileEncoding = 4; lastKnownFileType = sourcecode.c.h; path = "MBProgressHUD+MJ.h"; sourceTree = "<group>"; };
		BF7B90C11BA23A590092EC0E /* MBProgressHUD+MJ.m */ = {isa = PBXFileReference; fileEncoding = 4; lastKnownFileType = sourcecode.c.objc; path = "MBProgressHUD+MJ.m"; sourceTree = "<group>"; };
		BF7B90C21BA23A590092EC0E /* MBProgressHUD.bundle */ = {isa = PBXFileReference; lastKnownFileType = "wrapper.plug-in"; path = MBProgressHUD.bundle; sourceTree = "<group>"; };
		BF7B90C31BA23A590092EC0E /* MBProgressHUD.h */ = {isa = PBXFileReference; fileEncoding = 4; lastKnownFileType = sourcecode.c.h; path = MBProgressHUD.h; sourceTree = "<group>"; };
		BF7B90C41BA23A590092EC0E /* MBProgressHUD.m */ = {isa = PBXFileReference; fileEncoding = 4; lastKnownFileType = sourcecode.c.objc; path = MBProgressHUD.m; sourceTree = "<group>"; };
		BF7B90C81BA23A6B0092EC0E /* UIView+Extension.h */ = {isa = PBXFileReference; fileEncoding = 4; lastKnownFileType = sourcecode.c.h; path = "UIView+Extension.h"; sourceTree = "<group>"; };
		BF7B90C91BA23A6B0092EC0E /* UIView+Extension.m */ = {isa = PBXFileReference; fileEncoding = 4; lastKnownFileType = sourcecode.c.objc; path = "UIView+Extension.m"; sourceTree = "<group>"; };
		BF7B90CA1BA23A6B0092EC0E /* UINavigationBar+Awesome.h */ = {isa = PBXFileReference; fileEncoding = 4; lastKnownFileType = sourcecode.c.h; path = "UINavigationBar+Awesome.h"; sourceTree = "<group>"; };
		BF7B90CB1BA23A6B0092EC0E /* UINavigationBar+Awesome.m */ = {isa = PBXFileReference; fileEncoding = 4; lastKnownFileType = sourcecode.c.objc; path = "UINavigationBar+Awesome.m"; sourceTree = "<group>"; };
		BF7B90CE1BA23BF40092EC0E /* Images.xcassets */ = {isa = PBXFileReference; lastKnownFileType = folder.assetcatalog; path = Images.xcassets; sourceTree = "<group>"; };
		BF9F41911BA2011B00F9D84B /* KeepRunning.app */ = {isa = PBXFileReference; explicitFileType = wrapper.application; includeInIndex = 0; path = KeepRunning.app; sourceTree = BUILT_PRODUCTS_DIR; };
		BF9F41951BA2011B00F9D84B /* Info.plist */ = {isa = PBXFileReference; lastKnownFileType = text.plist.xml; path = Info.plist; sourceTree = "<group>"; };
		BF9F41961BA2011B00F9D84B /* main.m */ = {isa = PBXFileReference; lastKnownFileType = sourcecode.c.objc; path = main.m; sourceTree = "<group>"; };
		BF9F41981BA2011B00F9D84B /* AppDelegate.h */ = {isa = PBXFileReference; lastKnownFileType = sourcecode.c.h; name = AppDelegate.h; path = ../../AppDelegate.h; sourceTree = "<group>"; };
		BF9F41991BA2011B00F9D84B /* AppDelegate.m */ = {isa = PBXFileReference; lastKnownFileType = sourcecode.c.objc; name = AppDelegate.m; path = ../../AppDelegate.m; sourceTree = "<group>"; };
		BF9F419F1BA2011B00F9D84B /* Base */ = {isa = PBXFileReference; lastKnownFileType = file.storyboard; name = Base; path = Base.lproj/Main.storyboard; sourceTree = "<group>"; };
		BF9F41A41BA2011B00F9D84B /* Base */ = {isa = PBXFileReference; lastKnownFileType = file.xib; name = Base; path = Base.lproj/LaunchScreen.xib; sourceTree = "<group>"; };
		BF9F41AA1BA2011B00F9D84B /* KeepRunningTests.xctest */ = {isa = PBXFileReference; explicitFileType = wrapper.cfbundle; includeInIndex = 0; path = KeepRunningTests.xctest; sourceTree = BUILT_PRODUCTS_DIR; };
		BF9F41AF1BA2011B00F9D84B /* Info.plist */ = {isa = PBXFileReference; lastKnownFileType = text.plist.xml; path = Info.plist; sourceTree = "<group>"; };
		BF9F41B01BA2011B00F9D84B /* KeepRunningTests.m */ = {isa = PBXFileReference; lastKnownFileType = sourcecode.c.objc; path = KeepRunningTests.m; sourceTree = "<group>"; };
/* End PBXFileReference section */

/* Begin PBXFrameworksBuildPhase section */
		BF9F418E1BA2011B00F9D84B /* Frameworks */ = {
			isa = PBXFrameworksBuildPhase;
			buildActionMask = 2147483647;
			files = (
				BF7B90231BA221DD0092EC0E /* libsqlite3.0.tbd in Frameworks */,
				BF7B90211BA221D10092EC0E /* MapKit.framework in Frameworks */,
			);
			runOnlyForDeploymentPostprocessing = 0;
		};
		BF9F41A71BA2011B00F9D84B /* Frameworks */ = {
			isa = PBXFrameworksBuildPhase;
			buildActionMask = 2147483647;
			files = (
			);
			runOnlyForDeploymentPostprocessing = 0;
		};
/* End PBXFrameworksBuildPhase section */

/* Begin PBXGroup section */
		BF7B8F701BA21EE90092EC0E /* History */ = {
			isa = PBXGroup;
			children = (
				BF7B8F711BA21EE90092EC0E /* Controller */,
				BF7B8F721BA21EE90092EC0E /* Model */,
				BF7B8F731BA21EE90092EC0E /* View */,
			);
			path = History;
			sourceTree = "<group>";
		};
		BF7B8F711BA21EE90092EC0E /* Controller */ = {
			isa = PBXGroup;
			children = (
				BF7B902A1BA226550092EC0E /* CGHistoryTableViewController.h */,
				BF7B902B1BA226550092EC0E /* CGHistoryTableViewController.m */,
			);
			path = Controller;
			sourceTree = "<group>";
		};
		BF7B8F721BA21EE90092EC0E /* Model */ = {
			isa = PBXGroup;
			children = (
			);
			path = Model;
			sourceTree = "<group>";
		};
		BF7B8F731BA21EE90092EC0E /* View */ = {
			isa = PBXGroup;
			children = (
			);
			path = View;
			sourceTree = "<group>";
		};
		BF7B8F741BA21EE90092EC0E /* Main */ = {
			isa = PBXGroup;
			children = (
				BF7B8F751BA21EE90092EC0E /* Category */,
				BF7B8F771BA21EE90092EC0E /* Controller */,
				BF7B8F781BA21EE90092EC0E /* Lib */,
				BF7B8F791BA21EE90092EC0E /* Model */,
				BF7B8F7A1BA21EE90092EC0E /* Other */,
				BF7B8F7B1BA21EE90092EC0E /* View */,
			);
			path = Main;
			sourceTree = "<group>";
		};
		BF7B8F751BA21EE90092EC0E /* Category */ = {
			isa = PBXGroup;
			children = (
				BF7B90B91BA23A2F0092EC0E /* UIImage+Image.h */,
				BF7B90BA1BA23A2F0092EC0E /* UIImage+Image.m */,
				BF7B90BB1BA23A2F0092EC0E /* UIView+Extension.h */,
				BF7B90BC1BA23A2F0092EC0E /* UIView+Extension.m */,
			);
			path = Category;
			sourceTree = "<group>";
		};
		BF7B8F771BA21EE90092EC0E /* Controller */ = {
			isa = PBXGroup;
			children = (
				BF7B90271BA225BB0092EC0E /* CGMainTabBarController.h */,
				BF7B90281BA225BB0092EC0E /* CGMainTabBarController.m */,
				BF7B90361BA227310092EC0E /* CGMainNavigationController.h */,
				BF7B90371BA227310092EC0E /* CGMainNavigationController.m */,
			);
			path = Controller;
			sourceTree = "<group>";
		};
		BF7B8F781BA21EE90092EC0E /* Lib */ = {
			isa = PBXGroup;
			children = (
				BF7B90471BA22BE40092EC0E /* CrumbPath.h */,
				BF7B90481BA22BE40092EC0E /* CrumbPath.m */,
				BF7B90491BA22BE40092EC0E /* CrumbPathRenderer.h */,
				BF7B904A1BA22BE40092EC0E /* CrumbPathRenderer.m */,
				BF7B90C81BA23A6B0092EC0E /* UIView+Extension.h */,
				BF7B90C91BA23A6B0092EC0E /* UIView+Extension.m */,
				BF7B90CA1BA23A6B0092EC0E /* UINavigationBar+Awesome.h */,
				BF7B90CB1BA23A6B0092EC0E /* UINavigationBar+Awesome.m */,
				BF7B90BF1BA23A590092EC0E /* MBProgressHUD */,
				BF7B90811BA236610092EC0E /* Masonry */,
				BF7B90701BA236400092EC0E /* fmdb */,
				BF7B90611BA2354B0092EC0E /* MZTimerLabel */,
			);
			path = Lib;
			sourceTree = "<group>";
		};
		BF7B8F791BA21EE90092EC0E /* Model */ = {
			isa = PBXGroup;
			children = (
				BF7B90671BA235D80092EC0E /* CGSportInfo.h */,
				BF7B90681BA235D80092EC0E /* CGSportInfo.m */,
			);
			path = Model;
			sourceTree = "<group>";
		};
		BF7B8F7A1BA21EE90092EC0E /* Other */ = {
			isa = PBXGroup;
			children = (
				BF7B906D1BA2362B0092EC0E /* CGSportInfoSaveTool.h */,
				BF7B906E1BA2362B0092EC0E /* CGSportInfoSaveTool.m */,
				BF9F41981BA2011B00F9D84B /* AppDelegate.h */,
				BF9F41991BA2011B00F9D84B /* AppDelegate.m */,
				BF7B90501BA22ED40092EC0E /* CGHeader.h */,
				BF7B90511BA22ED40092EC0E /* CGHeader.m */,
			);
			path = Other;
			sourceTree = "<group>";
		};
		BF7B8F7B1BA21EE90092EC0E /* View */ = {
			isa = PBXGroup;
			children = (
			);
			path = View;
			sourceTree = "<group>";
		};
		BF7B8F7C1BA21EE90092EC0E /* Me */ = {
			isa = PBXGroup;
			children = (
				BF7B8F7D1BA21EE90092EC0E /* Controller */,
				BF7B8F7E1BA21EE90092EC0E /* Model */,
				BF7B8F7F1BA21EE90092EC0E /* View */,
			);
			path = Me;
			sourceTree = "<group>";
		};
		BF7B8F7D1BA21EE90092EC0E /* Controller */ = {
			isa = PBXGroup;
			children = (
				BF7B902D1BA226820092EC0E /* CGMeTableViewController.h */,
				BF7B902E1BA226820092EC0E /* CGMeTableViewController.m */,
			);
			path = Controller;
			sourceTree = "<group>";
		};
		BF7B8F7E1BA21EE90092EC0E /* Model */ = {
			isa = PBXGroup;
			children = (
			);
			path = Model;
			sourceTree = "<group>";
		};
		BF7B8F7F1BA21EE90092EC0E /* View */ = {
			isa = PBXGroup;
			children = (
			);
			path = View;
			sourceTree = "<group>";
		};
		BF7B8F801BA21EE90092EC0E /* Music */ = {
			isa = PBXGroup;
			children = (
				BF7B8F811BA21EE90092EC0E /* Controller */,
				BF7B8F821BA21EE90092EC0E /* Model */,
				BF7B8F831BA21EE90092EC0E /* View */,
			);
			path = Music;
			sourceTree = "<group>";
		};
		BF7B8F811BA21EE90092EC0E /* Controller */ = {
			isa = PBXGroup;
			children = (
				BF7B90301BA226A80092EC0E /* CGMusicViewController.h */,
				BF7B90311BA226A80092EC0E /* CGMusicViewController.m */,
				BF7B90A71BA239F20092EC0E /* CGSongsPlayerController.h */,
				BF7B90A81BA239F20092EC0E /* CGSongsPlayerController.m */,
				BF7B90A91BA239F20092EC0E /* CGSongsPlayerController.storyboard */,
			);
			path = Controller;
			sourceTree = "<group>";
		};
		BF7B8F821BA21EE90092EC0E /* Model */ = {
			isa = PBXGroup;
			children = (
			);
			path = Model;
			sourceTree = "<group>";
		};
		BF7B8F831BA21EE90092EC0E /* View */ = {
			isa = PBXGroup;
			children = (
				BF7B90AC1BA23A080092EC0E /* CGAlbumCell.xib */,
				BF7B90AD1BA23A080092EC0E /* CGMusicPlayerBar.h */,
				BF7B90AE1BA23A080092EC0E /* CGMusicPlayerBar.m */,
				BF7B90AF1BA23A080092EC0E /* CGMusicPlayerCell.h */,
				BF7B90B01BA23A080092EC0E /* CGMusicPlayerCell.m */,
				BF7B90B11BA23A080092EC0E /* CGMusicPlayerCell.xib */,
				BF7B90B21BA23A080092EC0E /* CGAlbumCell.h */,
				BF7B90B31BA23A080092EC0E /* CGAlbumCell.m */,
			);
			path = View;
			sourceTree = "<group>";
		};
		BF7B8F841BA21EE90092EC0E /* Run */ = {
			isa = PBXGroup;
			children = (
				BF7B8F851BA21EE90092EC0E /* Controller */,
				BF7B8F861BA21EE90092EC0E /* Model */,
				BF7B8F871BA21EE90092EC0E /* View */,
			);
			path = Run;
			sourceTree = "<group>";
		};
		BF7B8F851BA21EE90092EC0E /* Controller */ = {
			isa = PBXGroup;
			children = (
				BF7B90551BA232CA0092EC0E /* CGRunViewController.h */,
				BF7B90561BA232CA0092EC0E /* CGRunViewController.m */,
				BF7B90531BA2325C0092EC0E /* CGRunViewController.xib */,
				BF7B90581BA2347E0092EC0E /* CGRunningViewController.h */,
				BF7B90591BA2347E0092EC0E /* CGRunningViewController.m */,
				BF7B905A1BA2347E0092EC0E /* CGRunningViewController.xib */,
				BF7B906A1BA236070092EC0E /* CGReadrawMapViewController.h */,
				BF7B906B1BA236070092EC0E /* CGReadrawMapViewController.m */,
			);
			path = Controller;
			sourceTree = "<group>";
		};
		BF7B8F861BA21EE90092EC0E /* Model */ = {
			isa = PBXGroup;
			children = (
			);
			path = Model;
			sourceTree = "<group>";
		};
		BF7B8F871BA21EE90092EC0E /* View */ = {
			isa = PBXGroup;
			children = (
				BF7B903E1BA22AAD0092EC0E /* CGBetterMapView.h */,
				BF7B903F1BA22AAD0092EC0E /* CGBetterMapView.m */,
			);
			path = View;
			sourceTree = "<group>";
		};
		BF7B90611BA2354B0092EC0E /* MZTimerLabel */ = {
			isa = PBXGroup;
			children = (
				BF7B90621BA2354B0092EC0E /* Info.plist */,
				BF7B90631BA2354B0092EC0E /* MZTimerLabel.h */,
				BF7B90641BA2354B0092EC0E /* MZTimerLabel.m */,
			);
			path = MZTimerLabel;
			sourceTree = "<group>";
		};
		BF7B90701BA236400092EC0E /* fmdb */ = {
			isa = PBXGroup;
			children = (
				BF7B90711BA236400092EC0E /* FMDatabase.h */,
				BF7B90721BA236400092EC0E /* FMDatabase.m */,
				BF7B90731BA236400092EC0E /* FMDatabaseAdditions.h */,
				BF7B90741BA236400092EC0E /* FMDatabaseAdditions.m */,
				BF7B90751BA236400092EC0E /* FMDatabasePool.h */,
				BF7B90761BA236400092EC0E /* FMDatabasePool.m */,
				BF7B90771BA236400092EC0E /* FMDatabaseQueue.h */,
				BF7B90781BA236400092EC0E /* FMDatabaseQueue.m */,
				BF7B90791BA236400092EC0E /* FMDB.h */,
				BF7B907A1BA236400092EC0E /* FMResultSet.h */,
				BF7B907B1BA236400092EC0E /* FMResultSet.m */,
			);
			path = fmdb;
			sourceTree = "<group>";
		};
		BF7B90811BA236610092EC0E /* Masonry */ = {
			isa = PBXGroup;
			children = (
				BF7B90821BA236610092EC0E /* Info.plist */,
				BF7B90831BA236610092EC0E /* MASCompositeConstraint.h */,
				BF7B90841BA236610092EC0E /* MASCompositeConstraint.m */,
				BF7B90851BA236610092EC0E /* MASConstraint+Private.h */,
				BF7B90861BA236610092EC0E /* MASConstraint.h */,
				BF7B90871BA236610092EC0E /* MASConstraint.m */,
				BF7B90881BA236610092EC0E /* MASConstraintMaker.h */,
				BF7B90891BA236610092EC0E /* MASConstraintMaker.m */,
				BF7B908A1BA236610092EC0E /* MASLayoutConstraint.h */,
				BF7B908B1BA236610092EC0E /* MASLayoutConstraint.m */,
				BF7B908C1BA236610092EC0E /* Masonry.h */,
				BF7B908D1BA236610092EC0E /* MASUtilities.h */,
				BF7B908E1BA236610092EC0E /* MASViewAttribute.h */,
				BF7B908F1BA236610092EC0E /* MASViewAttribute.m */,
				BF7B90901BA236610092EC0E /* MASViewConstraint.h */,
				BF7B90911BA236610092EC0E /* MASViewConstraint.m */,
				BF7B90921BA236610092EC0E /* NSArray+MASAdditions.h */,
				BF7B90931BA236610092EC0E /* NSArray+MASAdditions.m */,
				BF7B90941BA236610092EC0E /* NSArray+MASShorthandAdditions.h */,
				BF7B90951BA236610092EC0E /* NSLayoutConstraint+MASDebugAdditions.h */,
				BF7B90961BA236610092EC0E /* NSLayoutConstraint+MASDebugAdditions.m */,
				BF7B90971BA236610092EC0E /* View+MASAdditions.h */,
				BF7B90981BA236610092EC0E /* View+MASAdditions.m */,
				BF7B90991BA236610092EC0E /* View+MASShorthandAdditions.h */,
				BF7B909A1BA236610092EC0E /* ViewController+MASAdditions.h */,
				BF7B909B1BA236610092EC0E /* ViewController+MASAdditions.m */,
			);
			path = Masonry;
			sourceTree = "<group>";
		};
		BF7B90BF1BA23A590092EC0E /* MBProgressHUD */ = {
			isa = PBXGroup;
			children = (
				BF7B90C01BA23A590092EC0E /* MBProgressHUD+MJ.h */,
				BF7B90C11BA23A590092EC0E /* MBProgressHUD+MJ.m */,
				BF7B90C21BA23A590092EC0E /* MBProgressHUD.bundle */,
				BF7B90C31BA23A590092EC0E /* MBProgressHUD.h */,
				BF7B90C41BA23A590092EC0E /* MBProgressHUD.m */,
			);
			path = MBProgressHUD;
			sourceTree = "<group>";
		};
		BF9F41881BA2011B00F9D84B = {
			isa = PBXGroup;
			children = (
				BF7B90221BA221DD0092EC0E /* libsqlite3.0.tbd */,
				BF7B90201BA221D10092EC0E /* MapKit.framework */,
				BF9F41931BA2011B00F9D84B /* KeepRunning */,
				BF9F41AD1BA2011B00F9D84B /* KeepRunningTests */,
				BF9F41921BA2011B00F9D84B /* Products */,
			);
			sourceTree = "<group>";
		};
		BF9F41921BA2011B00F9D84B /* Products */ = {
			isa = PBXGroup;
			children = (
				BF9F41911BA2011B00F9D84B /* KeepRunning.app */,
				BF9F41AA1BA2011B00F9D84B /* KeepRunningTests.xctest */,
			);
			name = Products;
			sourceTree = "<group>";
		};
		BF9F41931BA2011B00F9D84B /* KeepRunning */ = {
			isa = PBXGroup;
			children = (
				BF7B8F741BA21EE90092EC0E /* Main */,
				BF7B8F701BA21EE90092EC0E /* History */,
				BF7B8F7C1BA21EE90092EC0E /* Me */,
				BF7B8F801BA21EE90092EC0E /* Music */,
				BF7B8F841BA21EE90092EC0E /* Run */,
				BF9F41941BA2011B00F9D84B /* Supporting Files */,
			);
			path = KeepRunning;
			sourceTree = "<group>";
		};
		BF9F41941BA2011B00F9D84B /* Supporting Files */ = {
			isa = PBXGroup;
			children = (
				BF7B90CE1BA23BF40092EC0E /* Images.xcassets */,
				BF9F419E1BA2011B00F9D84B /* Main.storyboard */,
				BF9F41A31BA2011B00F9D84B /* LaunchScreen.xib */,
				BF9F41951BA2011B00F9D84B /* Info.plist */,
				BF9F41961BA2011B00F9D84B /* main.m */,
			);
			name = "Supporting Files";
			sourceTree = "<group>";
		};
		BF9F41AD1BA2011B00F9D84B /* KeepRunningTests */ = {
			isa = PBXGroup;
			children = (
				BF9F41B01BA2011B00F9D84B /* KeepRunningTests.m */,
				BF9F41AE1BA2011B00F9D84B /* Supporting Files */,
			);
			path = KeepRunningTests;
			sourceTree = "<group>";
		};
		BF9F41AE1BA2011B00F9D84B /* Supporting Files */ = {
			isa = PBXGroup;
			children = (
				BF9F41AF1BA2011B00F9D84B /* Info.plist */,
			);
			name = "Supporting Files";
			sourceTree = "<group>";
		};
/* End PBXGroup section */

/* Begin PBXNativeTarget section */
		BF9F41901BA2011B00F9D84B /* KeepRunning */ = {
			isa = PBXNativeTarget;
			buildConfigurationList = BF9F41B41BA2011B00F9D84B /* Build configuration list for PBXNativeTarget "KeepRunning" */;
			buildPhases = (
				BF9F418D1BA2011B00F9D84B /* Sources */,
				BF9F418E1BA2011B00F9D84B /* Frameworks */,
				BF9F418F1BA2011B00F9D84B /* Resources */,
			);
			buildRules = (
			);
			dependencies = (
			);
			name = KeepRunning;
			productName = KeepRunning;
			productReference = BF9F41911BA2011B00F9D84B /* KeepRunning.app */;
			productType = "com.apple.product-type.application";
		};
		BF9F41A91BA2011B00F9D84B /* KeepRunningTests */ = {
			isa = PBXNativeTarget;
			buildConfigurationList = BF9F41B71BA2011B00F9D84B /* Build configuration list for PBXNativeTarget "KeepRunningTests" */;
			buildPhases = (
				BF9F41A61BA2011B00F9D84B /* Sources */,
				BF9F41A71BA2011B00F9D84B /* Frameworks */,
				BF9F41A81BA2011B00F9D84B /* Resources */,
			);
			buildRules = (
			);
			dependencies = (
				BF9F41AC1BA2011B00F9D84B /* PBXTargetDependency */,
			);
			name = KeepRunningTests;
			productName = KeepRunningTests;
			productReference = BF9F41AA1BA2011B00F9D84B /* KeepRunningTests.xctest */;
			productType = "com.apple.product-type.bundle.unit-test";
		};
/* End PBXNativeTarget section */

/* Begin PBXProject section */
		BF9F41891BA2011B00F9D84B /* Project object */ = {
			isa = PBXProject;
			attributes = {
				CLASSPREFIX = CG;
				LastUpgradeCheck = 0700;
				ORGANIZATIONNAME = CHENGuo;
				TargetAttributes = {
					BF9F41901BA2011B00F9D84B = {
						CreatedOnToolsVersion = 6.4;
					};
					BF9F41A91BA2011B00F9D84B = {
						CreatedOnToolsVersion = 6.4;
						TestTargetID = BF9F41901BA2011B00F9D84B;
					};
				};
			};
			buildConfigurationList = BF9F418C1BA2011B00F9D84B /* Build configuration list for PBXProject "KeepRunning" */;
			compatibilityVersion = "Xcode 3.2";
			developmentRegion = English;
			hasScannedForEncodings = 0;
			knownRegions = (
				en,
				Base,
			);
			mainGroup = BF9F41881BA2011B00F9D84B;
			productRefGroup = BF9F41921BA2011B00F9D84B /* Products */;
			projectDirPath = "";
			projectRoot = "";
			targets = (
				BF9F41901BA2011B00F9D84B /* KeepRunning */,
				BF9F41A91BA2011B00F9D84B /* KeepRunningTests */,
			);
		};
/* End PBXProject section */

/* Begin PBXResourcesBuildPhase section */
		BF9F418F1BA2011B00F9D84B /* Resources */ = {
			isa = PBXResourcesBuildPhase;
			buildActionMask = 2147483647;
			files = (
				BF9F41A01BA2011B00F9D84B /* Main.storyboard in Resources */,
				BF9F41A51BA2011B00F9D84B /* LaunchScreen.xib in Resources */,
				BF7B90651BA2354B0092EC0E /* Info.plist in Resources */,
				BF7B90C61BA23A590092EC0E /* MBProgressHUD.bundle in Resources */,
				BF7B90CF1BA23BF40092EC0E /* Images.xcassets in Resources */,
				BF7B90B41BA23A080092EC0E /* CGAlbumCell.xib in Resources */,
				BF7B90B71BA23A080092EC0E /* CGMusicPlayerCell.xib in Resources */,
				BF7B905C1BA2347E0092EC0E /* CGRunningViewController.xib in Resources */,
				BF7B90541BA2325C0092EC0E /* CGRunViewController.xib in Resources */,
				BF7B90AB1BA239F20092EC0E /* CGSongsPlayerController.storyboard in Resources */,
				BF7B909C1BA236610092EC0E /* Info.plist in Resources */,
			);
			runOnlyForDeploymentPostprocessing = 0;
		};
		BF9F41A81BA2011B00F9D84B /* Resources */ = {
			isa = PBXResourcesBuildPhase;
			buildActionMask = 2147483647;
			files = (
			);
			runOnlyForDeploymentPostprocessing = 0;
		};
/* End PBXResourcesBuildPhase section */

/* Begin PBXSourcesBuildPhase section */
		BF9F418D1BA2011B00F9D84B /* Sources */ = {
			isa = PBXSourcesBuildPhase;
			buildActionMask = 2147483647;
			files = (
				BF7B90B51BA23A080092EC0E /* CGMusicPlayerBar.m in Sources */,
				BF7B902F1BA226820092EC0E /* CGMeTableViewController.m in Sources */,
				BF7B909D1BA236610092EC0E /* MASCompositeConstraint.m in Sources */,
				BF7B90A61BA236610092EC0E /* ViewController+MASAdditions.m in Sources */,
				BF7B90A51BA236610092EC0E /* View+MASAdditions.m in Sources */,
				BF7B90401BA22AAD0092EC0E /* CGBetterMapView.m in Sources */,
				BF7B90BE1BA23A2F0092EC0E /* UIView+Extension.m in Sources */,
				BF7B90C71BA23A590092EC0E /* MBProgressHUD.m in Sources */,
				BF7B90B61BA23A080092EC0E /* CGMusicPlayerCell.m in Sources */,
				BF7B902C1BA226550092EC0E /* CGHistoryTableViewController.m in Sources */,
				BF7B907C1BA236400092EC0E /* FMDatabase.m in Sources */,
				BF7B90381BA227310092EC0E /* CGMainNavigationController.m in Sources */,
				BF7B90A01BA236610092EC0E /* MASLayoutConstraint.m in Sources */,
				BF7B90A31BA236610092EC0E /* NSArray+MASAdditions.m in Sources */,
				BF7B906C1BA236070092EC0E /* CGReadrawMapViewController.m in Sources */,
				BF7B90291BA225BB0092EC0E /* CGMainTabBarController.m in Sources */,
				BF7B909E1BA236610092EC0E /* MASConstraint.m in Sources */,
				BF7B90B81BA23A080092EC0E /* CGAlbumCell.m in Sources */,
				BF7B90691BA235D80092EC0E /* CGSportInfo.m in Sources */,
				BF7B90C51BA23A590092EC0E /* MBProgressHUD+MJ.m in Sources */,
				BF7B90CC1BA23A6B0092EC0E /* UIView+Extension.m in Sources */,
				BF7B90A21BA236610092EC0E /* MASViewConstraint.m in Sources */,
				BF7B90801BA236400092EC0E /* FMResultSet.m in Sources */,
				BF7B90661BA2354B0092EC0E /* MZTimerLabel.m in Sources */,
				BF9F419A1BA2011B00F9D84B /* AppDelegate.m in Sources */,
				BF7B90A11BA236610092EC0E /* MASViewAttribute.m in Sources */,
				BF7B90571BA232CA0092EC0E /* CGRunViewController.m in Sources */,
				BF7B90AA1BA239F20092EC0E /* CGSongsPlayerController.m in Sources */,
				BF7B904C1BA22BE40092EC0E /* CrumbPathRenderer.m in Sources */,
				BF7B90321BA226A80092EC0E /* CGMusicViewController.m in Sources */,
				BF7B90521BA22ED40092EC0E /* CGHeader.m in Sources */,
				BF7B90CD1BA23A6B0092EC0E /* UINavigationBar+Awesome.m in Sources */,
				BF9F41971BA2011B00F9D84B /* main.m in Sources */,
				BF7B907D1BA236400092EC0E /* FMDatabaseAdditions.m in Sources */,
				BF7B90A41BA236610092EC0E /* NSLayoutConstraint+MASDebugAdditions.m in Sources */,
				BF7B904B1BA22BE40092EC0E /* CrumbPath.m in Sources */,
				BF7B907F1BA236400092EC0E /* FMDatabaseQueue.m in Sources */,
				BF7B909F1BA236610092EC0E /* MASConstraintMaker.m in Sources */,
				BF7B90BD1BA23A2F0092EC0E /* UIImage+Image.m in Sources */,
				BF7B907E1BA236400092EC0E /* FMDatabasePool.m in Sources */,
				BF7B906F1BA2362B0092EC0E /* CGSportInfoSaveTool.m in Sources */,
				BF7B905B1BA2347E0092EC0E /* CGRunningViewController.m in Sources */,
			);
			runOnlyForDeploymentPostprocessing = 0;
		};
		BF9F41A61BA2011B00F9D84B /* Sources */ = {
			isa = PBXSourcesBuildPhase;
			buildActionMask = 2147483647;
			files = (
				BF9F41B11BA2011B00F9D84B /* KeepRunningTests.m in Sources */,
			);
			runOnlyForDeploymentPostprocessing = 0;
		};
/* End PBXSourcesBuildPhase section */

/* Begin PBXTargetDependency section */
		BF9F41AC1BA2011B00F9D84B /* PBXTargetDependency */ = {
			isa = PBXTargetDependency;
			target = BF9F41901BA2011B00F9D84B /* KeepRunning */;
			targetProxy = BF9F41AB1BA2011B00F9D84B /* PBXContainerItemProxy */;
		};
/* End PBXTargetDependency section */

/* Begin PBXVariantGroup section */
		BF9F419E1BA2011B00F9D84B /* Main.storyboard */ = {
			isa = PBXVariantGroup;
			children = (
				BF9F419F1BA2011B00F9D84B /* Base */,
			);
			name = Main.storyboard;
			sourceTree = "<group>";
		};
		BF9F41A31BA2011B00F9D84B /* LaunchScreen.xib */ = {
			isa = PBXVariantGroup;
			children = (
				BF9F41A41BA2011B00F9D84B /* Base */,
			);
			name = LaunchScreen.xib;
			sourceTree = "<group>";
		};
/* End PBXVariantGroup section */

/* Begin XCBuildConfiguration section */
		BF9F41B21BA2011B00F9D84B /* Debug */ = {
			isa = XCBuildConfiguration;
			buildSettings = {
				ALWAYS_SEARCH_USER_PATHS = NO;
				CLANG_CXX_LANGUAGE_STANDARD = "gnu++0x";
				CLANG_CXX_LIBRARY = "libc++";
				CLANG_ENABLE_MODULES = YES;
				CLANG_ENABLE_OBJC_ARC = YES;
				CLANG_WARN_BOOL_CONVERSION = YES;
				CLANG_WARN_CONSTANT_CONVERSION = YES;
				CLANG_WARN_DIRECT_OBJC_ISA_USAGE = YES_ERROR;
				CLANG_WARN_EMPTY_BODY = YES;
				CLANG_WARN_ENUM_CONVERSION = YES;
				CLANG_WARN_INT_CONVERSION = YES;
				CLANG_WARN_OBJC_ROOT_CLASS = YES_ERROR;
				CLANG_WARN_UNREACHABLE_CODE = YES;
				CLANG_WARN__DUPLICATE_METHOD_MATCH = YES;
				"CODE_SIGN_IDENTITY[sdk=iphoneos*]" = "iPhone Developer";
				COPY_PHASE_STRIP = NO;
				DEBUG_INFORMATION_FORMAT = "dwarf-with-dsym";
				ENABLE_STRICT_OBJC_MSGSEND = YES;
				ENABLE_TESTABILITY = YES;
				GCC_C_LANGUAGE_STANDARD = gnu99;
				GCC_DYNAMIC_NO_PIC = NO;
				GCC_NO_COMMON_BLOCKS = YES;
				GCC_OPTIMIZATION_LEVEL = 0;
				GCC_PREPROCESSOR_DEFINITIONS = (
					"DEBUG=1",
					"$(inherited)",
				);
				GCC_SYMBOLS_PRIVATE_EXTERN = NO;
				GCC_WARN_64_TO_32_BIT_CONVERSION = YES;
				GCC_WARN_ABOUT_RETURN_TYPE = YES_ERROR;
				GCC_WARN_UNDECLARED_SELECTOR = YES;
				GCC_WARN_UNINITIALIZED_AUTOS = YES_AGGRESSIVE;
				GCC_WARN_UNUSED_FUNCTION = YES;
				GCC_WARN_UNUSED_VARIABLE = YES;
				IPHONEOS_DEPLOYMENT_TARGET = 8.4;
				MTL_ENABLE_DEBUG_INFO = YES;
				ONLY_ACTIVE_ARCH = YES;
				SDKROOT = iphoneos;
			};
			name = Debug;
		};
		BF9F41B31BA2011B00F9D84B /* Release */ = {
			isa = XCBuildConfiguration;
			buildSettings = {
				ALWAYS_SEARCH_USER_PATHS = NO;
				CLANG_CXX_LANGUAGE_STANDARD = "gnu++0x";
				CLANG_CXX_LIBRARY = "libc++";
				CLANG_ENABLE_MODULES = YES;
				CLANG_ENABLE_OBJC_ARC = YES;
				CLANG_WARN_BOOL_CONVERSION = YES;
				CLANG_WARN_CONSTANT_CONVERSION = YES;
				CLANG_WARN_DIRECT_OBJC_ISA_USAGE = YES_ERROR;
				CLANG_WARN_EMPTY_BODY = YES;
				CLANG_WARN_ENUM_CONVERSION = YES;
				CLANG_WARN_INT_CONVERSION = YES;
				CLANG_WARN_OBJC_ROOT_CLASS = YES_ERROR;
				CLANG_WARN_UNREACHABLE_CODE = YES;
				CLANG_WARN__DUPLICATE_METHOD_MATCH = YES;
				"CODE_SIGN_IDENTITY[sdk=iphoneos*]" = "iPhone Developer";
				COPY_PHASE_STRIP = NO;
				DEBUG_INFORMATION_FORMAT = "dwarf-with-dsym";
				ENABLE_NS_ASSERTIONS = NO;
				ENABLE_STRICT_OBJC_MSGSEND = YES;
				GCC_C_LANGUAGE_STANDARD = gnu99;
				GCC_NO_COMMON_BLOCKS = YES;
				GCC_WARN_64_TO_32_BIT_CONVERSION = YES;
				GCC_WARN_ABOUT_RETURN_TYPE = YES_ERROR;
				GCC_WARN_UNDECLARED_SELECTOR = YES;
				GCC_WARN_UNINITIALIZED_AUTOS = YES_AGGRESSIVE;
				GCC_WARN_UNUSED_FUNCTION = YES;
				GCC_WARN_UNUSED_VARIABLE = YES;
				IPHONEOS_DEPLOYMENT_TARGET = 8.4;
				MTL_ENABLE_DEBUG_INFO = NO;
				SDKROOT = iphoneos;
				VALIDATE_PRODUCT = YES;
			};
			name = Release;
		};
		BF9F41B51BA2011B00F9D84B /* Debug */ = {
			isa = XCBuildConfiguration;
			buildSettings = {
				ASSETCATALOG_COMPILER_APPICON_NAME = AppIcon;
				INFOPLIST_FILE = KeepRunning/Info.plist;
				IPHONEOS_DEPLOYMENT_TARGET = 8.1;
				LD_RUNPATH_SEARCH_PATHS = "$(inherited) @executable_path/Frameworks";
				PRODUCT_BUNDLE_IDENTIFIER = "CG.$(PRODUCT_NAME:rfc1034identifier)";
				PRODUCT_NAME = "$(TARGET_NAME)";
			};
			name = Debug;
		};
		BF9F41B61BA2011B00F9D84B /* Release */ = {
			isa = XCBuildConfiguration;
			buildSettings = {
				ASSETCATALOG_COMPILER_APPICON_NAME = AppIcon;
				INFOPLIST_FILE = KeepRunning/Info.plist;
				IPHONEOS_DEPLOYMENT_TARGET = 8.1;
				LD_RUNPATH_SEARCH_PATHS = "$(inherited) @executable_path/Frameworks";
				PRODUCT_BUNDLE_IDENTIFIER = "CG.$(PRODUCT_NAME:rfc1034identifier)";
				PRODUCT_NAME = "$(TARGET_NAME)";
			};
			name = Release;
		};
		BF9F41B81BA2011B00F9D84B /* Debug */ = {
			isa = XCBuildConfiguration;
			buildSettings = {
				BUNDLE_LOADER = "$(TEST_HOST)";
				FRAMEWORK_SEARCH_PATHS = (
					"$(SDKROOT)/Developer/Library/Frameworks",
					"$(inherited)",
				);
				GCC_PREPROCESSOR_DEFINITIONS = (
					"DEBUG=1",
					"$(inherited)",
				);
				INFOPLIST_FILE = KeepRunningTests/Info.plist;
				LD_RUNPATH_SEARCH_PATHS = "$(inherited) @executable_path/Frameworks @loader_path/Frameworks";
				PRODUCT_BUNDLE_IDENTIFIER = "CG.$(PRODUCT_NAME:rfc1034identifier)";
				PRODUCT_NAME = "$(TARGET_NAME)";
				TEST_HOST = "$(BUILT_PRODUCTS_DIR)/KeepRunning.app/KeepRunning";
			};
			name = Debug;
		};
		BF9F41B91BA2011B00F9D84B /* Release */ = {
			isa = XCBuildConfiguration;
			buildSettings = {
				BUNDLE_LOADER = "$(TEST_HOST)";
				FRAMEWORK_SEARCH_PATHS = (
					"$(SDKROOT)/Developer/Library/Frameworks",
					"$(inherited)",
				);
				INFOPLIST_FILE = KeepRunningTests/Info.plist;
				LD_RUNPATH_SEARCH_PATHS = "$(inherited) @executable_path/Frameworks @loader_path/Frameworks";
				PRODUCT_BUNDLE_IDENTIFIER = "CG.$(PRODUCT_NAME:rfc1034identifier)";
				PRODUCT_NAME = "$(TARGET_NAME)";
				TEST_HOST = "$(BUILT_PRODUCTS_DIR)/KeepRunning.app/KeepRunning";
			};
			name = Release;
		};
/* End XCBuildConfiguration section */

/* Begin XCConfigurationList section */
		BF9F418C1BA2011B00F9D84B /* Build configuration list for PBXProject "KeepRunning" */ = {
			isa = XCConfigurationList;
			buildConfigurations = (
				BF9F41B21BA2011B00F9D84B /* Debug */,
				BF9F41B31BA2011B00F9D84B /* Release */,
			);
			defaultConfigurationIsVisible = 0;
			defaultConfigurationName = Release;
		};
		BF9F41B41BA2011B00F9D84B /* Build configuration list for PBXNativeTarget "KeepRunning" */ = {
			isa = XCConfigurationList;
			buildConfigurations = (
				BF9F41B51BA2011B00F9D84B /* Debug */,
				BF9F41B61BA2011B00F9D84B /* Release */,
			);
			defaultConfigurationIsVisible = 0;
			defaultConfigurationName = Release;
		};
		BF9F41B71BA2011B00F9D84B /* Build configuration list for PBXNativeTarget "KeepRunningTests" */ = {
			isa = XCConfigurationList;
			buildConfigurations = (
				BF9F41B81BA2011B00F9D84B /* Debug */,
				BF9F41B91BA2011B00F9D84B /* Release */,
			);
			defaultConfigurationIsVisible = 0;
			defaultConfigurationName = Release;
		};
/* End XCConfigurationList section */
	};
	rootObject = BF9F41891BA2011B00F9D84B /* Project object */;
}
